{
  "nodes": {
    "flake-utils": {
      "locked": {
        "lastModified": 1634851050,
        "narHash": "sha256-N83GlSGPJJdcqhUxSCS/WwW5pksYf3VP1M13cDRTSVA=",
        "owner": "numtide",
        "repo": "flake-utils",
        "rev": "c91f3de5adaf1de973b797ef7485e441a65b8935",
        "type": "github"
      },
      "original": {
        "owner": "numtide",
        "repo": "flake-utils",
        "type": "github"
      }
    },
    "fup": {
      "inputs": {
        "flake-utils": "flake-utils"
      },
      "locked": {
        "lastModified": 1637587984,
        "narHash": "sha256-s3KEUO1DwCrnCfNxdj9HYwrgLYxZkoPKi4w6qa2ikCg=",
        "owner": "gytis-ivaskevicius",
        "repo": "flake-utils-plus",
        "rev": "1eb995f9885a056a70f2e82738ae29e726e6d43a",
        "type": "github"
      },
      "original": {
        "owner": "gytis-ivaskevicius",
        "repo": "flake-utils-plus",
        "type": "github"
      }
    },
    "hm": {
      "inputs": {
        "nixpkgs": "nixpkgs"
      },
      "locked": {
        "lastModified": 1637019201,
        "narHash": "sha256-lq4gz51fx4m5FXfx1SCB444aEBeaYtLMVm3P18Wi9ls=",
        "owner": "nix-community",
        "repo": "home-manager",
        "rev": "bcf03fa16a1f06b8a0abb27bf49afa8d6fffe8f1",
        "type": "github"
      },
      "original": {
        "owner": "nix-community",
        "ref": "release-21.05",
        "repo": "home-manager",
        "type": "github"
      }
    },
    "musnix": {
      "inputs": {
        "nixpkgs": "nixpkgs_2"
      },
      "locked": {
        "lastModified": 1628019651,
        "narHash": "sha256-zLXDF2sfvN8BXb78nHAp3KSbhE1flOkia5+KtiPQ+mQ=",
        "owner": "musnix",
        "repo": "musnix",
        "rev": "7fb04384544fa2e68bf5e71869760674656b62e8",
        "type": "github"
      },
      "original": {
        "owner": "musnix",
        "repo": "musnix",
        "type": "github"
      }
    },
    "nixpkgs": {
      "locked": {
        "lastModified": 1637733183,
        "narHash": "sha256-kL0qZzgjhse3YjjJUXE41XBBb9zXHDZp2QcouPsJOc4=",
        "owner": "NixOS",
        "repo": "nixpkgs",
        "rev": "cee6c6ca4e65fa0c5931968bd03e404ba3436072",
        "type": "github"
      },
      "original": {
        "id": "nixpkgs",
        "type": "indirect"
      }
    },
    "nixpkgs_2": {
      "locked": {
        "lastModified": 1623743177,
        "narHash": "sha256-57OM8Ya/yGHAHBq/h0I8Ah/HJFmk0VNpEASYxr+BgK8=",
        "owner": "NixOS",
        "repo": "nixpkgs",
        "rev": "4b7c8d538e1aed2bc30b6e7eb1cbd96063ad4132",
        "type": "github"
      },
      "original": {
        "owner": "NixOS",
        "ref": "nixpkgs-unstable",
        "repo": "nixpkgs",
        "type": "github"
      }
    },
    "nixpkgs_3": {
      "locked": {
        "lastModified": 1637615379,
        "narHash": "sha256-wL5+nm7z+42IHyhc52P3aAj1Kp2fQ6C8IyPBihj7Bjg=",
        "owner": "NixOS",
        "repo": "nixpkgs",
        "rev": "09650059d7f5ae59a7f0fb2dd3bfc6d2042a74de",
        "type": "github"
      },
      "original": {
        "owner": "NixOS",
        "ref": "nixos-21.05",
        "repo": "nixpkgs",
        "type": "github"
      }
    },
    "nur": {
      "locked": {
        "lastModified": 1637726867,
        "narHash": "sha256-vFc/x/X/SxRMZavPz1gauLXxV9QmC/EqsAwkxn7UsYo=",
        "owner": "nix-community",
        "repo": "NUR",
        "rev": "61a378d60b249a061065965b76349a557be8fea3",
        "type": "github"
      },
      "original": {
        "owner": "nix-community",
        "repo": "NUR",
        "type": "github"
      }
    },
    "root": {
      "inputs": {
        "fup": "fup",
        "hm": "hm",
        "musnix": "musnix",
        "nixpkgs": "nixpkgs_3",
        "nur": "nur",
        "unstable": "unstable"
      }
    },
    "unstable": {
      "locked": {
        "lastModified": 1637733183,
        "narHash": "sha256-kL0qZzgjhse3YjjJUXE41XBBb9zXHDZp2QcouPsJOc4=",
        "owner": "NixOS",
        "repo": "nixpkgs",
        "rev": "cee6c6ca4e65fa0c5931968bd03e404ba3436072",
        "type": "github"
      },
      "original": {
        "owner": "NixOS",
        "ref": "master",
        "repo": "nixpkgs",
        "type": "github"
      }
    }
  },
  "root": "root",
  "version": 7
}
