{
  "nodes": {
    "flake-utils": {
      "locked": {
        "lastModified": 1642700792,
        "narHash": "sha256-XqHrk7hFb+zBvRg6Ghl+AZDq03ov6OshJLiSWOoX5es=",
        "owner": "numtide",
        "repo": "flake-utils",
        "rev": "846b2ae0fc4cc943637d3d1def4454213e203cba",
        "type": "github"
      },
      "original": {
        "owner": "numtide",
        "repo": "flake-utils",
        "type": "github"
      }
    },
    "flake-utils_2": {
      "locked": {
        "lastModified": 1638122382,
        "narHash": "sha256-sQzZzAbvKEqN9s0bzWuYmRaA03v40gaJ4+iL1LXjaeI=",
        "owner": "numtide",
        "repo": "flake-utils",
        "rev": "74f7e4319258e287b0f9cb95426c9853b282730b",
        "type": "github"
      },
      "original": {
        "owner": "numtide",
        "repo": "flake-utils",
        "type": "github"
      }
    },
    "hardware": {
      "locked": {
        "lastModified": 1656933710,
        "narHash": "sha256-SVG8EqY1OTJWBRY4hpct2ZR2Rk0L8hCFkug3m0ABoZE=",
        "owner": "NixOS",
        "repo": "nixos-hardware",
        "rev": "3bf48d3587d3f34f745a19ebc968b002ef5b5c5a",
        "type": "github"
      },
      "original": {
        "owner": "NixOS",
        "ref": "master",
        "repo": "nixos-hardware",
        "type": "github"
      }
    },
    "home-manager": {
      "inputs": {
        "nixpkgs": [
          "nixpkgs"
        ],
        "utils": "utils"
      },
      "locked": {
        "lastModified": 1656927578,
        "narHash": "sha256-ZSFrM/1PlJOqCb3mN88ZUh9dkQvNLU/nkoQ2tu02/FM=",
        "owner": "nix-community",
        "repo": "home-manager",
        "rev": "f2445620d177e295e711c1b2bc6c01ed6df26c16",
        "type": "github"
      },
      "original": {
        "owner": "nix-community",
        "repo": "home-manager",
        "type": "github"
      }
    },
    "mach": {
      "inputs": {
        "flake-utils": "flake-utils",
        "nixpkgs": "nixpkgs",
        "pypi-deps-db": "pypi-deps-db"
      },
      "locked": {
        "lastModified": 1657010125,
        "narHash": "sha256-SuRxi6n2LskLYjcU+WD8b+dR+05lyzm3HzZ4F9/YcdI=",
        "owner": "davhau",
        "repo": "mach-nix",
        "rev": "ea5c10090758e45ae5ad08c0b071d88d110a4e1f",
        "type": "github"
      },
      "original": {
        "owner": "davhau",
        "repo": "mach-nix",
        "type": "github"
      }
    },
    "mobile": {
      "flake": false,
      "locked": {
        "lastModified": 1653945435,
        "narHash": "sha256-pD7Om1ocnUiNyZZgh+jbD6ZKHwu5NqSIZZ2pxLroddk=",
        "owner": "samueldr-wip",
        "repo": "mobile-nixos-wip",
        "rev": "e8ffe9b29c74e27c25f55161c6e952ef97870c3e",
        "type": "github"
      },
      "original": {
        "owner": "samueldr-wip",
        "ref": "wip/pinephone-pro",
        "repo": "mobile-nixos-wip",
        "type": "github"
      }
    },
    "musnix": {
      "inputs": {
        "nixpkgs": "nixpkgs_2"
      },
      "locked": {
        "lastModified": 1628019651,
        "narHash": "sha256-zLXDF2sfvN8BXb78nHAp3KSbhE1flOkia5+KtiPQ+mQ=",
        "owner": "musnix",
        "repo": "musnix",
        "rev": "7fb04384544fa2e68bf5e71869760674656b62e8",
        "type": "github"
      },
      "original": {
        "owner": "musnix",
        "repo": "musnix",
        "type": "github"
      }
    },
    "nixpkgs": {
      "locked": {
        "lastModified": 1643805626,
        "narHash": "sha256-AXLDVMG+UaAGsGSpOtQHPIKB+IZ0KSd9WS77aanGzgc=",
        "owner": "NixOS",
        "repo": "nixpkgs",
        "rev": "554d2d8aa25b6e583575459c297ec23750adb6cb",
        "type": "github"
      },
      "original": {
        "id": "nixpkgs",
        "ref": "nixos-unstable",
        "type": "indirect"
      }
    },
    "nixpkgs_2": {
      "locked": {
        "lastModified": 1623743177,
        "narHash": "sha256-57OM8Ya/yGHAHBq/h0I8Ah/HJFmk0VNpEASYxr+BgK8=",
        "owner": "NixOS",
        "repo": "nixpkgs",
        "rev": "4b7c8d538e1aed2bc30b6e7eb1cbd96063ad4132",
        "type": "github"
      },
      "original": {
        "owner": "NixOS",
        "ref": "nixpkgs-unstable",
        "repo": "nixpkgs",
        "type": "github"
      }
    },
    "nixpkgs_3": {
      "locked": {
        "lastModified": 1657027964,
        "narHash": "sha256-jseM2zvERPZe5yErbc3wrd6wK8gp0f+e18KJngs5qlo=",
        "owner": "nixos",
        "repo": "nixpkgs",
        "rev": "9e96b1562d67a90ca2f7cfb919f1e86b76a65a2c",
        "type": "github"
      },
      "original": {
        "owner": "nixos",
        "ref": "nixos-22.05",
        "repo": "nixpkgs",
        "type": "github"
      }
    },
    "nur": {
      "locked": {
        "lastModified": 1657043854,
        "narHash": "sha256-Yj4heoWo0Laqdruz3NGpQ/SPybRo9f0y63UuVFK04Po=",
        "owner": "nix-community",
        "repo": "nur",
        "rev": "93dd2a3e160fedd798342e7e91277bff8eb1c998",
        "type": "github"
      },
      "original": {
        "owner": "nix-community",
        "repo": "nur",
        "type": "github"
      }
    },
    "pypi-deps-db": {
      "flake": false,
      "locked": {
        "lastModified": 1643877077,
        "narHash": "sha256-jv8pIvRFTP919GybOxXE5TfOkrjTbdo9QiCO1TD3ZaY=",
        "owner": "DavHau",
        "repo": "pypi-deps-db",
        "rev": "da53397f0b782b0b18deb72ef8e0fb5aa7c98aa3",
        "type": "github"
      },
      "original": {
        "owner": "DavHau",
        "repo": "pypi-deps-db",
        "type": "github"
      }
    },
    "root": {
      "inputs": {
        "hardware": "hardware",
        "home-manager": "home-manager",
        "mach": "mach",
        "mobile": "mobile",
        "musnix": "musnix",
        "nixpkgs": "nixpkgs_3",
        "nur": "nur",
        "unstable": "unstable",
        "utils": "utils_2"
      }
    },
    "unstable": {
      "locked": {
        "lastModified": 1656835607,
        "narHash": "sha256-zONMAG6JSfGyW20AsVWGnlZwNWws6Q/7IT0oDNGc1xY=",
        "owner": "NixOS",
        "repo": "nixpkgs",
        "rev": "18b14a254dca6b68ca0ce2ce885ce2b550065799",
        "type": "github"
      },
      "original": {
        "owner": "NixOS",
        "ref": "nixos-unstable",
        "repo": "nixpkgs",
        "type": "github"
      }
    },
    "utils": {
      "locked": {
        "lastModified": 1653893745,
        "narHash": "sha256-0jntwV3Z8//YwuOjzhV2sgJJPt+HY6KhU7VZUL0fKZQ=",
        "owner": "numtide",
        "repo": "flake-utils",
        "rev": "1ed9fb1935d260de5fe1c2f7ee0ebaae17ed2fa1",
        "type": "github"
      },
      "original": {
        "owner": "numtide",
        "repo": "flake-utils",
        "type": "github"
      }
    },
    "utils_2": {
      "inputs": {
        "flake-utils": "flake-utils_2"
      },
      "locked": {
        "lastModified": 1638172912,
        "narHash": "sha256-jxhQGNEsZTdop/Br3JPS+xmBf6t9cIWRzVZFxbT76Rw=",
        "owner": "gytis-ivaskevicius",
        "repo": "flake-utils-plus",
        "rev": "166d6ebd9f0de03afc98060ac92cba9c71cfe550",
        "type": "github"
      },
      "original": {
        "owner": "gytis-ivaskevicius",
        "ref": "v1.3.1",
        "repo": "flake-utils-plus",
        "type": "github"
      }
    }
  },
  "root": "root",
  "version": 7
}
