{
  "nodes": {
    "flake-utils": {
      "locked": {
        "lastModified": 1642700792,
        "narHash": "sha256-XqHrk7hFb+zBvRg6Ghl+AZDq03ov6OshJLiSWOoX5es=",
        "owner": "numtide",
        "repo": "flake-utils",
        "rev": "846b2ae0fc4cc943637d3d1def4454213e203cba",
        "type": "github"
      },
      "original": {
        "owner": "numtide",
        "repo": "flake-utils",
        "type": "github"
      }
    },
    "flake-utils_2": {
      "locked": {
        "lastModified": 1638122382,
        "narHash": "sha256-sQzZzAbvKEqN9s0bzWuYmRaA03v40gaJ4+iL1LXjaeI=",
        "owner": "numtide",
        "repo": "flake-utils",
        "rev": "74f7e4319258e287b0f9cb95426c9853b282730b",
        "type": "github"
      },
      "original": {
        "owner": "numtide",
        "repo": "flake-utils",
        "type": "github"
      }
    },
    "home-manager": {
      "inputs": {
        "nixpkgs": [
          "nixpkgs"
        ]
      },
      "locked": {
        "lastModified": 1650059391,
        "narHash": "sha256-2kYYStLpPCcYToW+uZTP0jxmdR95URCret/vfpzJn4s=",
        "owner": "nix-community",
        "repo": "home-manager",
        "rev": "7add9ce2e5c517fcc4b25b3ed13e7e28cd325034",
        "type": "github"
      },
      "original": {
        "owner": "nix-community",
        "repo": "home-manager",
        "type": "github"
      }
    },
    "mach": {
      "inputs": {
        "flake-utils": "flake-utils",
        "nixpkgs": "nixpkgs",
        "pypi-deps-db": "pypi-deps-db"
      },
      "locked": {
        "lastModified": 1648436428,
        "narHash": "sha256-pDXf4Pgh1sGMSNpLjYnb2+WLqYYuRZxNs4OuOfNS8ik=",
        "owner": "davhau",
        "repo": "mach-nix",
        "rev": "86c3111786742fcc4dfdca2e124bcea10e05a4e6",
        "type": "github"
      },
      "original": {
        "owner": "davhau",
        "repo": "mach-nix",
        "type": "github"
      }
    },
    "musnix": {
      "inputs": {
        "nixpkgs": "nixpkgs_2"
      },
      "locked": {
        "lastModified": 1628019651,
        "narHash": "sha256-zLXDF2sfvN8BXb78nHAp3KSbhE1flOkia5+KtiPQ+mQ=",
        "owner": "musnix",
        "repo": "musnix",
        "rev": "7fb04384544fa2e68bf5e71869760674656b62e8",
        "type": "github"
      },
      "original": {
        "owner": "musnix",
        "repo": "musnix",
        "type": "github"
      }
    },
    "nixpkgs": {
      "locked": {
        "lastModified": 1643805626,
        "narHash": "sha256-AXLDVMG+UaAGsGSpOtQHPIKB+IZ0KSd9WS77aanGzgc=",
        "owner": "NixOS",
        "repo": "nixpkgs",
        "rev": "554d2d8aa25b6e583575459c297ec23750adb6cb",
        "type": "github"
      },
      "original": {
        "id": "nixpkgs",
        "ref": "nixos-unstable",
        "type": "indirect"
      }
    },
    "nixpkgs-unstable": {
      "locked": {
        "lastModified": 1649986882,
        "narHash": "sha256-cNsInUFq1MbuvaEmv8x6jetWnmAU+osMpnwKumtjksI=",
        "owner": "NixOS",
        "repo": "nixpkgs",
        "rev": "5181d5945eda382ff6a9ca3e072ed6ea9b547fee",
        "type": "github"
      },
      "original": {
        "owner": "NixOS",
        "ref": "nixos-unstable",
        "repo": "nixpkgs",
        "type": "github"
      }
    },
    "nixpkgs_2": {
      "locked": {
        "lastModified": 1623743177,
        "narHash": "sha256-57OM8Ya/yGHAHBq/h0I8Ah/HJFmk0VNpEASYxr+BgK8=",
        "owner": "NixOS",
        "repo": "nixpkgs",
        "rev": "4b7c8d538e1aed2bc30b6e7eb1cbd96063ad4132",
        "type": "github"
      },
      "original": {
        "owner": "NixOS",
        "ref": "nixpkgs-unstable",
        "repo": "nixpkgs",
        "type": "github"
      }
    },
    "nixpkgs_3": {
      "locked": {
        "lastModified": 1649986882,
        "narHash": "sha256-cNsInUFq1MbuvaEmv8x6jetWnmAU+osMpnwKumtjksI=",
        "owner": "nixos",
        "repo": "nixpkgs",
        "rev": "5181d5945eda382ff6a9ca3e072ed6ea9b547fee",
        "type": "github"
      },
      "original": {
        "owner": "nixos",
        "ref": "nixos-unstable",
        "repo": "nixpkgs",
        "type": "github"
      }
    },
    "nur": {
      "locked": {
        "lastModified": 1650076676,
        "narHash": "sha256-06FdHLWjZ3q9uuywp8f7JbJRwy7RI60uGfqOcShJoCI=",
        "owner": "nix-community",
        "repo": "nur",
        "rev": "e6f2a68a4692ed66cf7f54de87eb5461950ffd9c",
        "type": "github"
      },
      "original": {
        "owner": "nix-community",
        "repo": "nur",
        "type": "github"
      }
    },
    "pypi-deps-db": {
      "flake": false,
      "locked": {
        "lastModified": 1643877077,
        "narHash": "sha256-jv8pIvRFTP919GybOxXE5TfOkrjTbdo9QiCO1TD3ZaY=",
        "owner": "DavHau",
        "repo": "pypi-deps-db",
        "rev": "da53397f0b782b0b18deb72ef8e0fb5aa7c98aa3",
        "type": "github"
      },
      "original": {
        "owner": "DavHau",
        "repo": "pypi-deps-db",
        "type": "github"
      }
    },
    "root": {
      "inputs": {
        "home-manager": "home-manager",
        "mach": "mach",
        "musnix": "musnix",
        "nixpkgs": "nixpkgs_3",
        "nixpkgs-unstable": "nixpkgs-unstable",
        "nur": "nur",
        "stable": "stable",
        "utils": "utils"
      }
    },
    "stable": {
      "locked": {
        "lastModified": 1649944829,
        "narHash": "sha256-wjOgLfjCdyoRamMOrVJceeDJk4LvJsQOxBoT3k16/7Q=",
        "owner": "nixos",
        "repo": "nixpkgs",
        "rev": "2f06b87f64bc06229e05045853e0876666e1b023",
        "type": "github"
      },
      "original": {
        "owner": "nixos",
        "ref": "nixos-21.11",
        "repo": "nixpkgs",
        "type": "github"
      }
    },
    "utils": {
      "inputs": {
        "flake-utils": "flake-utils_2"
      },
      "locked": {
        "lastModified": 1638172912,
        "narHash": "sha256-jxhQGNEsZTdop/Br3JPS+xmBf6t9cIWRzVZFxbT76Rw=",
        "owner": "gytis-ivaskevicius",
        "repo": "flake-utils-plus",
        "rev": "166d6ebd9f0de03afc98060ac92cba9c71cfe550",
        "type": "github"
      },
      "original": {
        "owner": "gytis-ivaskevicius",
        "ref": "v1.3.1",
        "repo": "flake-utils-plus",
        "type": "github"
      }
    }
  },
  "root": "root",
  "version": 7
}
