{
  "nodes": {
    "nixpkgs": {
      "locked": {
        "lastModified": 1645902515,
        "narHash": "sha256-ruEWoK7E+w3zfDP+PqkzlfCZsl67K7LVwPZQnAH7C4I=",
        "owner": "nixos",
        "repo": "nixpkgs",
        "rev": "1617337b746d12dd9359a3fc58c040ceeb1cfd8d",
        "type": "github"
      },
      "original": {
        "owner": "nixos",
        "repo": "nixpkgs",
        "type": "github"
      }
    },
    "root": {
      "inputs": {
        "nixpkgs": "nixpkgs",
        "utils": "utils"
      }
    },
    "utils": {
      "locked": {
        "lastModified": 1644229661,
        "narHash": "sha256-1YdnJAsNy69bpcjuoKdOYQX0YxZBiCYZo4Twxerqv7k=",
        "owner": "numtide",
        "repo": "flake-utils",
        "rev": "3cecb5b042f7f209c56ffd8371b2711a290ec797",
        "type": "github"
      },
      "original": {
        "owner": "numtide",
        "repo": "flake-utils",
        "type": "github"
      }
    }
  },
  "root": "root",
  "version": 7
}
